// !$*UTF8*$!
{
	archiveVersion = 1;
	classes = {
	};
	objectVersion = 77;
	objects = {

/* Begin PBXContainerItemProxy section */
		FC8BA8692D5C2A6200031049 /* PBXContainerItemProxy */ = {
			isa = PBXContainerItemProxy;
			containerPortal = FC8BA8502D5C2A6100031049 /* Project object */;
			proxyType = 1;
			remoteGlobalIDString = FC8BA8572D5C2A6100031049;
			remoteInfo = DucMinhKhoi_Final;
		};
		FC8BA8732D5C2A6200031049 /* PBXContainerItemProxy */ = {
			isa = PBXContainerItemProxy;
			containerPortal = FC8BA8502D5C2A6100031049 /* Project object */;
			proxyType = 1;
			remoteGlobalIDString = FC8BA8572D5C2A6100031049;
			remoteInfo = DucMinhKhoi_Final;
		};
/* End PBXContainerItemProxy section */

/* Begin PBXFileReference section */
		FC8BA8582D5C2A6100031049 /* DucMinhKhoi_Final.app */ = {isa = PBXFileReference; explicitFileType = wrapper.application; includeInIndex = 0; path = DucMinhKhoi_Final.app; sourceTree = BUILT_PRODUCTS_DIR; };
		FC8BA8682D5C2A6200031049 /* DucMinhKhoi_FinalTests.xctest */ = {isa = PBXFileReference; explicitFileType = wrapper.cfbundle; includeInIndex = 0; path = DucMinhKhoi_FinalTests.xctest; sourceTree = BUILT_PRODUCTS_DIR; };
		FC8BA8722D5C2A6200031049 /* DucMinhKhoi_FinalUITests.xctest */ = {isa = PBXFileReference; explicitFileType = wrapper.cfbundle; includeInIndex = 0; path = DucMinhKhoi_FinalUITests.xctest; sourceTree = BUILT_PRODUCTS_DIR; };
/* End PBXFileReference section */

/* Begin PBXFileSystemSynchronizedRootGroup section */
		FC8BA85A2D5C2A6100031049 /* DucMinhKhoi_Final */ = {
			isa = PBXFileSystemSynchronizedRootGroup;
			path = DucMinhKhoi_Final;
			sourceTree = "<group>";
		};
/* End PBXFileSystemSynchronizedRootGroup section */

/* Begin PBXFrameworksBuildPhase section */
		FC8BA8552D5C2A6100031049 /* Frameworks */ = {
			isa = PBXFrameworksBuildPhase;
			buildActionMask = 2147483647;
			files = (
			);
			runOnlyForDeploymentPostprocessing = 0;
		};
		FC8BA8652D5C2A6200031049 /* Frameworks */ = {
			isa = PBXFrameworksBuildPhase;
			buildActionMask = 2147483647;
			files = (
			);
			runOnlyForDeploymentPostprocessing = 0;
		};
		FC8BA86F2D5C2A6200031049 /* Frameworks */ = {
			isa = PBXFrameworksBuildPhase;
			buildActionMask = 2147483647;
			files = (
			);
			runOnlyForDeploymentPostprocessing = 0;
		};
/* End PBXFrameworksBuildPhase section */

/* Begin PBXGroup section */
		FC8BA84F2D5C2A6100031049 = {
			isa = PBXGroup;
			children = (
				FC8BA85A2D5C2A6100031049 /* DucMinhKhoi_Final */,
				FC8BA8592D5C2A6100031049 /* Products */,
			);
			sourceTree = "<group>";
		};
		FC8BA8592D5C2A6100031049 /* Products */ = {
			isa = PBXGroup;
			children = (
				FC8BA8582D5C2A6100031049 /* DucMinhKhoi_Final.app */,
				FC8BA8682D5C2A6200031049 /* DucMinhKhoi_FinalTests.xctest */,
				FC8BA8722D5C2A6200031049 /* DucMinhKhoi_FinalUITests.xctest */,
			);
			name = Products;
			sourceTree = "<group>";
		};
/* End PBXGroup section */

/* Begin PBXNativeTarget section */
		FC8BA8572D5C2A6100031049 /* DucMinhKhoi_Final */ = {
			isa = PBXNativeTarget;
			buildConfigurationList = FC8BA87C2D5C2A6200031049 /* Build configuration list for PBXNativeTarget "DucMinhKhoi_Final" */;
			buildPhases = (
				FC8BA8542D5C2A6100031049 /* Sources */,
				FC8BA8552D5C2A6100031049 /* Frameworks */,
				FC8BA8562D5C2A6100031049 /* Resources */,
			);
			buildRules = (
			);
			dependencies = (
			);
			fileSystemSynchronizedGroups = (
				FC8BA85A2D5C2A6100031049 /* DucMinhKhoi_Final */,
			);
			name = DucMinhKhoi_Final;
			packageProductDependencies = (
			);
			productName = DucMinhKhoi_Final;
			productReference = FC8BA8582D5C2A6100031049 /* DucMinhKhoi_Final.app */;
			productType = "com.apple.product-type.application";
		};
		FC8BA8672D5C2A6200031049 /* DucMinhKhoi_FinalTests */ = {
			isa = PBXNativeTarget;
			buildConfigurationList = FC8BA87F2D5C2A6200031049 /* Build configuration list for PBXNativeTarget "DucMinhKhoi_FinalTests" */;
			buildPhases = (
				FC8BA8642D5C2A6200031049 /* Sources */,
				FC8BA8652D5C2A6200031049 /* Frameworks */,
				FC8BA8662D5C2A6200031049 /* Resources */,
			);
			buildRules = (
			);
			dependencies = (
				FC8BA86A2D5C2A6200031049 /* PBXTargetDependency */,
			);
			name = DucMinhKhoi_FinalTests;
			packageProductDependencies = (
			);
			productName = DucMinhKhoi_FinalTests;
			productReference = FC8BA8682D5C2A6200031049 /* DucMinhKhoi_FinalTests.xctest */;
			productType = "com.apple.product-type.bundle.unit-test";
		};
		FC8BA8712D5C2A6200031049 /* DucMinhKhoi_FinalUITests */ = {
			isa = PBXNativeTarget;
			buildConfigurationList = FC8BA8822D5C2A6200031049 /* Build configuration list for PBXNativeTarget "DucMinhKhoi_FinalUITests" */;
			buildPhases = (
				FC8BA86E2D5C2A6200031049 /* Sources */,
				FC8BA86F2D5C2A6200031049 /* Frameworks */,
				FC8BA8702D5C2A6200031049 /* Resources */,
			);
			buildRules = (
			);
			dependencies = (
				FC8BA8742D5C2A6200031049 /* PBXTargetDependency */,
			);
			name = DucMinhKhoi_FinalUITests;
			packageProductDependencies = (
			);
			productName = DucMinhKhoi_FinalUITests;
			productReference = FC8BA8722D5C2A6200031049 /* DucMinhKhoi_FinalUITests.xctest */;
			productType = "com.apple.product-type.bundle.ui-testing";
		};
/* End PBXNativeTarget section */

/* Begin PBXProject section */
		FC8BA8502D5C2A6100031049 /* Project object */ = {
			isa = PBXProject;
			attributes = {
				BuildIndependentTargetsInParallel = 1;
				LastSwiftUpdateCheck = 1620;
				LastUpgradeCheck = 1620;
				TargetAttributes = {
					FC8BA8572D5C2A6100031049 = {
						CreatedOnToolsVersion = 16.2;
					};
					FC8BA8672D5C2A6200031049 = {
						CreatedOnToolsVersion = 16.2;
						TestTargetID = FC8BA8572D5C2A6100031049;
					};
					FC8BA8712D5C2A6200031049 = {
						CreatedOnToolsVersion = 16.2;
						TestTargetID = FC8BA8572D5C2A6100031049;
					};
				};
			};
			buildConfigurationList = FC8BA8532D5C2A6100031049 /* Build configuration list for PBXProject "DucMinhKhoi_Final" */;
			developmentRegion = en;
			hasScannedForEncodings = 0;
			knownRegions = (
				en,
				Base,
			);
			mainGroup = FC8BA84F2D5C2A6100031049;
			minimizedProjectReferenceProxies = 1;
			preferredProjectObjectVersion = 77;
			productRefGroup = FC8BA8592D5C2A6100031049 /* Products */;
			projectDirPath = "";
			projectRoot = "";
			targets = (
				FC8BA8572D5C2A6100031049 /* DucMinhKhoi_Final */,
				FC8BA8672D5C2A6200031049 /* DucMinhKhoi_FinalTests */,
				FC8BA8712D5C2A6200031049 /* DucMinhKhoi_FinalUITests */,
			);
		};
/* End PBXProject section */

/* Begin PBXResourcesBuildPhase section */
		FC8BA8562D5C2A6100031049 /* Resources */ = {
			isa = PBXResourcesBuildPhase;
			buildActionMask = 2147483647;
			files = (
			);
			runOnlyForDeploymentPostprocessing = 0;
		};
		FC8BA8662D5C2A6200031049 /* Resources */ = {
			isa = PBXResourcesBuildPhase;
			buildActionMask = 2147483647;
			files = (
			);
			runOnlyForDeploymentPostprocessing = 0;
		};
		FC8BA8702D5C2A6200031049 /* Resources */ = {
			isa = PBXResourcesBuildPhase;
			buildActionMask = 2147483647;
			files = (
			);
			runOnlyForDeploymentPostprocessing = 0;
		};
/* End PBXResourcesBuildPhase section */

/* Begin PBXSourcesBuildPhase section */
		FC8BA8542D5C2A6100031049 /* Sources */ = {
			isa = PBXSourcesBuildPhase;
			buildActionMask = 2147483647;
			files = (
			);
			runOnlyForDeploymentPostprocessing = 0;
		};
		FC8BA8642D5C2A6200031049 /* Sources */ = {
			isa = PBXSourcesBuildPhase;
			buildActionMask = 2147483647;
			files = (
			);
			runOnlyForDeploymentPostprocessing = 0;
		};
		FC8BA86E2D5C2A6200031049 /* Sources */ = {
			isa = PBXSourcesBuildPhase;
			buildActionMask = 2147483647;
			files = (
			);
			runOnlyForDeploymentPostprocessing = 0;
		};
/* End PBXSourcesBuildPhase section */

/* Begin PBXTargetDependency section */
		FC8BA86A2D5C2A6200031049 /* PBXTargetDependency */ = {
			isa = PBXTargetDependency;
			target = FC8BA8572D5C2A6100031049 /* DucMinhKhoi_Final */;
			targetProxy = FC8BA8692D5C2A6200031049 /* PBXContainerItemProxy */;
		};
		FC8BA8742D5C2A6200031049 /* PBXTargetDependency */ = {
			isa = PBXTargetDependency;
			target = FC8BA8572D5C2A6100031049 /* DucMinhKhoi_Final */;
			targetProxy = FC8BA8732D5C2A6200031049 /* PBXContainerItemProxy */;
		};
/* End PBXTargetDependency section */

/* Begin XCBuildConfiguration section */
		FC8BA87A2D5C2A6200031049 /* Debug */ = {
			isa = XCBuildConfiguration;
			buildSettings = {
				ALWAYS_SEARCH_USER_PATHS = NO;
				ASSETCATALOG_COMPILER_GENERATE_SWIFT_ASSET_SYMBOL_EXTENSIONS = YES;
				CLANG_ANALYZER_NONNULL = YES;
				CLANG_ANALYZER_NUMBER_OBJECT_CONVERSION = YES_AGGRESSIVE;
				CLANG_CXX_LANGUAGE_STANDARD = "gnu++20";
				CLANG_ENABLE_MODULES = YES;
				CLANG_ENABLE_OBJC_ARC = YES;
				CLANG_ENABLE_OBJC_WEAK = YES;
				CLANG_WARN_BLOCK_CAPTURE_AUTORELEASING = YES;
				CLANG_WARN_BOOL_CONVERSION = YES;
				CLANG_WARN_COMMA = YES;
				CLANG_WARN_CONSTANT_CONVERSION = YES;
				CLANG_WARN_DEPRECATED_OBJC_IMPLEMENTATIONS = YES;
				CLANG_WARN_DIRECT_OBJC_ISA_USAGE = YES_ERROR;
				CLANG_WARN_DOCUMENTATION_COMMENTS = YES;
				CLANG_WARN_EMPTY_BODY = YES;
				CLANG_WARN_ENUM_CONVERSION = YES;
				CLANG_WARN_INFINITE_RECURSION = YES;
				CLANG_WARN_INT_CONVERSION = YES;
				CLANG_WARN_NON_LITERAL_NULL_CONVERSION = YES;
				CLANG_WARN_OBJC_IMPLICIT_RETAIN_SELF = YES;
				CLANG_WARN_OBJC_LITERAL_CONVERSION = YES;
				CLANG_WARN_OBJC_ROOT_CLASS = YES_ERROR;
				CLANG_WARN_QUOTED_INCLUDE_IN_FRAMEWORK_HEADER = YES;
				CLANG_WARN_RANGE_LOOP_ANALYSIS = YES;
				CLANG_WARN_STRICT_PROTOTYPES = YES;
				CLANG_WARN_SUSPICIOUS_MOVE = YES;
				CLANG_WARN_UNGUARDED_AVAILABILITY = YES_AGGRESSIVE;
				CLANG_WARN_UNREACHABLE_CODE = YES;
				CLANG_WARN__DUPLICATE_METHOD_MATCH = YES;
				COPY_PHASE_STRIP = NO;
				DEBUG_INFORMATION_FORMAT = dwarf;
				ENABLE_STRICT_OBJC_MSGSEND = YES;
				ENABLE_TESTABILITY = YES;
				ENABLE_USER_SCRIPT_SANDBOXING = YES;
				GCC_C_LANGUAGE_STANDARD = gnu17;
				GCC_DYNAMIC_NO_PIC = NO;
				GCC_NO_COMMON_BLOCKS = YES;
				GCC_OPTIMIZATION_LEVEL = 0;
				GCC_PREPROCESSOR_DEFINITIONS = (
					"DEBUG=1",
					"$(inherited)",
				);
				GCC_WARN_64_TO_32_BIT_CONVERSION = YES;
				GCC_WARN_ABOUT_RETURN_TYPE = YES_ERROR;
				GCC_WARN_UNDECLARED_SELECTOR = YES;
				GCC_WARN_UNINITIALIZED_AUTOS = YES_AGGRESSIVE;
				GCC_WARN_UNUSED_FUNCTION = YES;
				GCC_WARN_UNUSED_VARIABLE = YES;
				IPHONEOS_DEPLOYMENT_TARGET = 18.2;
				LOCALIZATION_PREFERS_STRING_CATALOGS = YES;
				MTL_ENABLE_DEBUG_INFO = INCLUDE_SOURCE;
				MTL_FAST_MATH = YES;
				ONLY_ACTIVE_ARCH = YES;
				SDKROOT = iphoneos;
				SWIFT_ACTIVE_COMPILATION_CONDITIONS = "DEBUG $(inherited)";
				SWIFT_OPTIMIZATION_LEVEL = "-Onone";
			};
			name = Debug;
		};
		FC8BA87B2D5C2A6200031049 /* Release */ = {
			isa = XCBuildConfiguration;
			buildSettings = {
				ALWAYS_SEARCH_USER_PATHS = NO;
				ASSETCATALOG_COMPILER_GENERATE_SWIFT_ASSET_SYMBOL_EXTENSIONS = YES;
				CLANG_ANALYZER_NONNULL = YES;
				CLANG_ANALYZER_NUMBER_OBJECT_CONVERSION = YES_AGGRESSIVE;
				CLANG_CXX_LANGUAGE_STANDARD = "gnu++20";
				CLANG_ENABLE_MODULES = YES;
				CLANG_ENABLE_OBJC_ARC = YES;
				CLANG_ENABLE_OBJC_WEAK = YES;
				CLANG_WARN_BLOCK_CAPTURE_AUTORELEASING = YES;
				CLANG_WARN_BOOL_CONVERSION = YES;
				CLANG_WARN_COMMA = YES;
				CLANG_WARN_CONSTANT_CONVERSION = YES;
				CLANG_WARN_DEPRECATED_OBJC_IMPLEMENTATIONS = YES;
				CLANG_WARN_DIRECT_OBJC_ISA_USAGE = YES_ERROR;
				CLANG_WARN_DOCUMENTATION_COMMENTS = YES;
				CLANG_WARN_EMPTY_BODY = YES;
				CLANG_WARN_ENUM_CONVERSION = YES;
				CLANG_WARN_INFINITE_RECURSION = YES;
				CLANG_WARN_INT_CONVERSION = YES;
				CLANG_WARN_NON_LITERAL_NULL_CONVERSION = YES;
				CLANG_WARN_OBJC_IMPLICIT_RETAIN_SELF = YES;
				CLANG_WARN_OBJC_LITERAL_CONVERSION = YES;
				CLANG_WARN_OBJC_ROOT_CLASS = YES_ERROR;
				CLANG_WARN_QUOTED_INCLUDE_IN_FRAMEWORK_HEADER = YES;
				CLANG_WARN_RANGE_LOOP_ANALYSIS = YES;
				CLANG_WARN_STRICT_PROTOTYPES = YES;
				CLANG_WARN_SUSPICIOUS_MOVE = YES;
				CLANG_WARN_UNGUARDED_AVAILABILITY = YES_AGGRESSIVE;
				CLANG_WARN_UNREACHABLE_CODE = YES;
				CLANG_WARN__DUPLICATE_METHOD_MATCH = YES;
				COPY_PHASE_STRIP = NO;
				DEBUG_INFORMATION_FORMAT = "dwarf-with-dsym";
				ENABLE_NS_ASSERTIONS = NO;
				ENABLE_STRICT_OBJC_MSGSEND = YES;
				ENABLE_USER_SCRIPT_SANDBOXING = YES;
				GCC_C_LANGUAGE_STANDARD = gnu17;
				GCC_NO_COMMON_BLOCKS = YES;
				GCC_WARN_64_TO_32_BIT_CONVERSION = YES;
				GCC_WARN_ABOUT_RETURN_TYPE = YES_ERROR;
				GCC_WARN_UNDECLARED_SELECTOR = YES;
				GCC_WARN_UNINITIALIZED_AUTOS = YES_AGGRESSIVE;
				GCC_WARN_UNUSED_FUNCTION = YES;
				GCC_WARN_UNUSED_VARIABLE = YES;
				IPHONEOS_DEPLOYMENT_TARGET = 18.2;
				LOCALIZATION_PREFERS_STRING_CATALOGS = YES;
				MTL_ENABLE_DEBUG_INFO = NO;
				MTL_FAST_MATH = YES;
				SDKROOT = iphoneos;
				SWIFT_COMPILATION_MODE = wholemodule;
				VALIDATE_PRODUCT = YES;
			};
			name = Release;
		};
		FC8BA87D2D5C2A6200031049 /* Debug */ = {
			isa = XCBuildConfiguration;
			buildSettings = {
				ASSETCATALOG_COMPILER_APPICON_NAME = AppIcon;
				ASSETCATALOG_COMPILER_GLOBAL_ACCENT_COLOR_NAME = AccentColor;
				CODE_SIGN_STYLE = Automatic;
				CURRENT_PROJECT_VERSION = 1;
				DEVELOPMENT_ASSET_PATHS = "\"DucMinhKhoi_Final/Preview Content\"";
				DEVELOPMENT_TEAM = CM4WDH22LM;
				ENABLE_PREVIEWS = YES;
				GENERATE_INFOPLIST_FILE = YES;
				INFOPLIST_KEY_UIApplicationSceneManifest_Generation = YES;
				INFOPLIST_KEY_UIApplicationSupportsIndirectInputEvents = YES;
				INFOPLIST_KEY_UILaunchScreen_Generation = YES;
				INFOPLIST_KEY_UISupportedInterfaceOrientations_iPad = "UIInterfaceOrientationPortrait UIInterfaceOrientationPortraitUpsideDown UIInterfaceOrientationLandscapeLeft UIInterfaceOrientationLandscapeRight";
				INFOPLIST_KEY_UISupportedInterfaceOrientations_iPhone = "UIInterfaceOrientationPortrait UIInterfaceOrientationLandscapeLeft UIInterfaceOrientationLandscapeRight";
				LD_RUNPATH_SEARCH_PATHS = (
					"$(inherited)",
					"@executable_path/Frameworks",
				);
				MARKETING_VERSION = 1.0;
				PRODUCT_BUNDLE_IDENTIFIER = "bryantech.DucMinhKhoi-Final";
				PRODUCT_NAME = "$(TARGET_NAME)";
				SWIFT_EMIT_LOC_STRINGS = YES;
				SWIFT_VERSION = 5.0;
				TARGETED_DEVICE_FAMILY = "1,2";
			};
			name = Debug;
		};
		FC8BA87E2D5C2A6200031049 /* Release */ = {
			isa = XCBuildConfiguration;
			buildSettings = {
				ASSETCATALOG_COMPILER_APPICON_NAME = AppIcon;
				ASSETCATALOG_COMPILER_GLOBAL_ACCENT_COLOR_NAME = AccentColor;
				CODE_SIGN_STYLE = Automatic;
				CURRENT_PROJECT_VERSION = 1;
				DEVELOPMENT_ASSET_PATHS = "\"DucMinhKhoi_Final/Preview Content\"";
				DEVELOPMENT_TEAM = CM4WDH22LM;
				ENABLE_PREVIEWS = YES;
				GENERATE_INFOPLIST_FILE = YES;
				INFOPLIST_KEY_UIApplicationSceneManifest_Generation = YES;
				INFOPLIST_KEY_UIApplicationSupportsIndirectInputEvents = YES;
				INFOPLIST_KEY_UILaunchScreen_Generation = YES;
				INFOPLIST_KEY_UISupportedInterfaceOrientations_iPad = "UIInterfaceOrientationPortrait UIInterfaceOrientationPortraitUpsideDown UIInterfaceOrientationLandscapeLeft UIInterfaceOrientationLandscapeRight";
				INFOPLIST_KEY_UISupportedInterfaceOrientations_iPhone = "UIInterfaceOrientationPortrait UIInterfaceOrientationLandscapeLeft UIInterfaceOrientationLandscapeRight";
				LD_RUNPATH_SEARCH_PATHS = (
					"$(inherited)",
					"@executable_path/Frameworks",
				);
				MARKETING_VERSION = 1.0;
				PRODUCT_BUNDLE_IDENTIFIER = "bryantech.DucMinhKhoi-Final";
				PRODUCT_NAME = "$(TARGET_NAME)";
				SWIFT_EMIT_LOC_STRINGS = YES;
				SWIFT_VERSION = 5.0;
				TARGETED_DEVICE_FAMILY = "1,2";
			};
			name = Release;
		};
		FC8BA8802D5C2A6200031049 /* Debug */ = {
			isa = XCBuildConfiguration;
			buildSettings = {
				BUNDLE_LOADER = "$(TEST_HOST)";
				CODE_SIGN_STYLE = Automatic;
				CURRENT_PROJECT_VERSION = 1;
				DEVELOPMENT_TEAM = CM4WDH22LM;
				GENERATE_INFOPLIST_FILE = YES;
				IPHONEOS_DEPLOYMENT_TARGET = 18.2;
				MARKETING_VERSION = 1.0;
				PRODUCT_BUNDLE_IDENTIFIER = "bryantech.DucMinhKhoi-FinalTests";
				PRODUCT_NAME = "$(TARGET_NAME)";
				SWIFT_EMIT_LOC_STRINGS = NO;
				SWIFT_VERSION = 5.0;
				TARGETED_DEVICE_FAMILY = "1,2";
				TEST_HOST = "$(BUILT_PRODUCTS_DIR)/DucMinhKhoi_Final.app/$(BUNDLE_EXECUTABLE_FOLDER_PATH)/DucMinhKhoi_Final";
			};
			name = Debug;
		};
		FC8BA8812D5C2A6200031049 /* Release */ = {
			isa = XCBuildConfiguration;
			buildSettings = {
				BUNDLE_LOADER = "$(TEST_HOST)";
				CODE_SIGN_STYLE = Automatic;
				CURRENT_PROJECT_VERSION = 1;
				DEVELOPMENT_TEAM = CM4WDH22LM;
				GENERATE_INFOPLIST_FILE = YES;
				IPHONEOS_DEPLOYMENT_TARGET = 18.2;
				MARKETING_VERSION = 1.0;
				PRODUCT_BUNDLE_IDENTIFIER = "bryantech.DucMinhKhoi-FinalTests";
				PRODUCT_NAME = "$(TARGET_NAME)";
				SWIFT_EMIT_LOC_STRINGS = NO;
				SWIFT_VERSION = 5.0;
				TARGETED_DEVICE_FAMILY = "1,2";
				TEST_HOST = "$(BUILT_PRODUCTS_DIR)/DucMinhKhoi_Final.app/$(BUNDLE_EXECUTABLE_FOLDER_PATH)/DucMinhKhoi_Final";
			};
			name = Release;
		};
		FC8BA8832D5C2A6200031049 /* Debug */ = {
			isa = XCBuildConfiguration;
			buildSettings = {
				CODE_SIGN_STYLE = Automatic;
				CURRENT_PROJECT_VERSION = 1;
				DEVELOPMENT_TEAM = CM4WDH22LM;
				GENERATE_INFOPLIST_FILE = YES;
				MARKETING_VERSION = 1.0;
				PRODUCT_BUNDLE_IDENTIFIER = "bryantech.DucMinhKhoi-FinalUITests";
				PRODUCT_NAME = "$(TARGET_NAME)";
				SWIFT_EMIT_LOC_STRINGS = NO;
				SWIFT_VERSION = 5.0;
				TARGETED_DEVICE_FAMILY = "1,2";
				TEST_TARGET_NAME = DucMinhKhoi_Final;
			};
			name = Debug;
		};
		FC8BA8842D5C2A6200031049 /* Release */ = {
			isa = XCBuildConfiguration;
			buildSettings = {
				CODE_SIGN_STYLE = Automatic;
				CURRENT_PROJECT_VERSION = 1;
				DEVELOPMENT_TEAM = CM4WDH22LM;
				GENERATE_INFOPLIST_FILE = YES;
				MARKETING_VERSION = 1.0;
				PRODUCT_BUNDLE_IDENTIFIER = "bryantech.DucMinhKhoi-FinalUITests";
				PRODUCT_NAME = "$(TARGET_NAME)";
				SWIFT_EMIT_LOC_STRINGS = NO;
				SWIFT_VERSION = 5.0;
				TARGETED_DEVICE_FAMILY = "1,2";
				TEST_TARGET_NAME = DucMinhKhoi_Final;
			};
			name = Release;
		};
/* End XCBuildConfiguration section */

/* Begin XCConfigurationList section */
		FC8BA8532D5C2A6100031049 /* Build configuration list for PBXProject "DucMinhKhoi_Final" */ = {
			isa = XCConfigurationList;
			buildConfigurations = (
				FC8BA87A2D5C2A6200031049 /* Debug */,
				FC8BA87B2D5C2A6200031049 /* Release */,
			);
			defaultConfigurationIsVisible = 0;
			defaultConfigurationName = Release;
		};
		FC8BA87C2D5C2A6200031049 /* Build configuration list for PBXNativeTarget "DucMinhKhoi_Final" */ = {
			isa = XCConfigurationList;
			buildConfigurations = (
				FC8BA87D2D5C2A6200031049 /* Debug */,
				FC8BA87E2D5C2A6200031049 /* Release */,
			);
			defaultConfigurationIsVisible = 0;
			defaultConfigurationName = Release;
		};
		FC8BA87F2D5C2A6200031049 /* Build configuration list for PBXNativeTarget "DucMinhKhoi_FinalTests" */ = {
			isa = XCConfigurationList;
			buildConfigurations = (
				FC8BA8802D5C2A6200031049 /* Debug */,
				FC8BA8812D5C2A6200031049 /* Release */,
			);
			defaultConfigurationIsVisible = 0;
			defaultConfigurationName = Release;
		};
		FC8BA8822D5C2A6200031049 /* Build configuration list for PBXNativeTarget "DucMinhKhoi_FinalUITests" */ = {
			isa = XCConfigurationList;
			buildConfigurations = (
				FC8BA8832D5C2A6200031049 /* Debug */,
				FC8BA8842D5C2A6200031049 /* Release */,
			);
			defaultConfigurationIsVisible = 0;
			defaultConfigurationName = Release;
		};
/* End XCConfigurationList section */
	};
	rootObject = FC8BA8502D5C2A6100031049 /* Project object */;
}
